// !$*UTF8*$!
{
	archiveVersion = 1;
	classes = {
	};
	objectVersion = 46;
	objects = {

/* Begin PBXBuildFile section */
		2604F91718517DFB00CB5B81 /* AmenitiesViewController.m in Sources */ = {isa = PBXBuildFile; fileRef = 2604F91518517DFB00CB5B81 /* AmenitiesViewController.m */; };
		2604F91818517DFB00CB5B81 /* AmenitiesViewController.xib in Resources */ = {isa = PBXBuildFile; fileRef = 2604F91618517DFB00CB5B81 /* AmenitiesViewController.xib */; };
		2604F91B1851843500CB5B81 /* UINavigationController+Retro.m in Sources */ = {isa = PBXBuildFile; fileRef = 2604F91A1851843500CB5B81 /* UINavigationController+Retro.m */; };
		2604F91E1851874200CB5B81 /* check.png in Resources */ = {isa = PBXBuildFile; fileRef = 2604F91C1851874200CB5B81 /* check.png */; };
		2604F91F1851874200CB5B81 /* check@2x.png in Resources */ = {isa = PBXBuildFile; fileRef = 2604F91D1851874200CB5B81 /* check@2x.png */; };
		26099B6D185E158300105B39 /* HoleyRightPanelView.m in Sources */ = {isa = PBXBuildFile; fileRef = 26099B6C185E158300105B39 /* HoleyRightPanelView.m */; };
		26099B91185E3C7E00105B39 /* cloudy_icon.png in Resources */ = {isa = PBXBuildFile; fileRef = 26099B70185E3C7E00105B39 /* cloudy_icon.png */; };
		26099B92185E3C7E00105B39 /* cloudy_icon@2x.png in Resources */ = {isa = PBXBuildFile; fileRef = 26099B71185E3C7E00105B39 /* cloudy_icon@2x.png */; };
		26099B93185E3C7E00105B39 /* fog_icon.png in Resources */ = {isa = PBXBuildFile; fileRef = 26099B72185E3C7E00105B39 /* fog_icon.png */; };
		26099B94185E3C7E00105B39 /* fog_icon@2x.png in Resources */ = {isa = PBXBuildFile; fileRef = 26099B73185E3C7E00105B39 /* fog_icon@2x.png */; };
		26099B95185E3C7E00105B39 /* partly_cloudy_icon.png in Resources */ = {isa = PBXBuildFile; fileRef = 26099B74185E3C7E00105B39 /* partly_cloudy_icon.png */; };
		26099B96185E3C7E00105B39 /* partly_cloudy_icon@2x.png in Resources */ = {isa = PBXBuildFile; fileRef = 26099B75185E3C7E00105B39 /* partly_cloudy_icon@2x.png */; };
		26099B97185E3C7E00105B39 /* raining_icon.png in Resources */ = {isa = PBXBuildFile; fileRef = 26099B76185E3C7E00105B39 /* raining_icon.png */; };
		26099B98185E3C7E00105B39 /* raining_icon@2x.png in Resources */ = {isa = PBXBuildFile; fileRef = 26099B77185E3C7E00105B39 /* raining_icon@2x.png */; };
		26099B99185E3C7E00105B39 /* sleet_icon.png in Resources */ = {isa = PBXBuildFile; fileRef = 26099B78185E3C7E00105B39 /* sleet_icon.png */; };
		26099B9A185E3C7E00105B39 /* sleet_icon@2x.png in Resources */ = {isa = PBXBuildFile; fileRef = 26099B79185E3C7E00105B39 /* sleet_icon@2x.png */; };
		26099B9B185E3C7E00105B39 /* snow_icon.png in Resources */ = {isa = PBXBuildFile; fileRef = 26099B7A185E3C7E00105B39 /* snow_icon.png */; };
		26099B9C185E3C7E00105B39 /* snow_icon@2x.png in Resources */ = {isa = PBXBuildFile; fileRef = 26099B7B185E3C7E00105B39 /* snow_icon@2x.png */; };
		26099B9D185E3C7E00105B39 /* sunny_icon.png in Resources */ = {isa = PBXBuildFile; fileRef = 26099B7C185E3C7E00105B39 /* sunny_icon.png */; };
		26099B9E185E3C7E00105B39 /* sunny_icon@2x.png in Resources */ = {isa = PBXBuildFile; fileRef = 26099B7D185E3C7E00105B39 /* sunny_icon@2x.png */; };
		26099B9F185E3C7E00105B39 /* wind_icon.png in Resources */ = {isa = PBXBuildFile; fileRef = 26099B7E185E3C7E00105B39 /* wind_icon.png */; };
		26099BA0185E3C7E00105B39 /* wind_icon@2x.png in Resources */ = {isa = PBXBuildFile; fileRef = 26099B7F185E3C7E00105B39 /* wind_icon@2x.png */; };
		26099BA1185E3C7E00105B39 /* cloudy_icon_small.png in Resources */ = {isa = PBXBuildFile; fileRef = 26099B81185E3C7E00105B39 /* cloudy_icon_small.png */; };
		26099BA2185E3C7E00105B39 /* cloudy_icon_small@2x.png in Resources */ = {isa = PBXBuildFile; fileRef = 26099B82185E3C7E00105B39 /* cloudy_icon_small@2x.png */; };
		26099BA3185E3C7E00105B39 /* fog_icon_small.png in Resources */ = {isa = PBXBuildFile; fileRef = 26099B83185E3C7E00105B39 /* fog_icon_small.png */; };
		26099BA4185E3C7E00105B39 /* fog_icon_small@2x.png in Resources */ = {isa = PBXBuildFile; fileRef = 26099B84185E3C7E00105B39 /* fog_icon_small@2x.png */; };
		26099BA5185E3C7E00105B39 /* partly_cloudy_icon_small.png in Resources */ = {isa = PBXBuildFile; fileRef = 26099B85185E3C7E00105B39 /* partly_cloudy_icon_small.png */; };
		26099BA6185E3C7E00105B39 /* partly_cloudy_icon_small@2x.png in Resources */ = {isa = PBXBuildFile; fileRef = 26099B86185E3C7E00105B39 /* partly_cloudy_icon_small@2x.png */; };
		26099BA7185E3C7E00105B39 /* raining_icon_small.png in Resources */ = {isa = PBXBuildFile; fileRef = 26099B87185E3C7E00105B39 /* raining_icon_small.png */; };
		26099BA8185E3C7E00105B39 /* raining_icon_small@2x.png in Resources */ = {isa = PBXBuildFile; fileRef = 26099B88185E3C7E00105B39 /* raining_icon_small@2x.png */; };
		26099BA9185E3C7E00105B39 /* sleet_icon_small.png in Resources */ = {isa = PBXBuildFile; fileRef = 26099B89185E3C7E00105B39 /* sleet_icon_small.png */; };
		26099BAA185E3C7E00105B39 /* sleet_icon_small@2x.png in Resources */ = {isa = PBXBuildFile; fileRef = 26099B8A185E3C7E00105B39 /* sleet_icon_small@2x.png */; };
		26099BAB185E3C7E00105B39 /* snow_icon_small.png in Resources */ = {isa = PBXBuildFile; fileRef = 26099B8B185E3C7E00105B39 /* snow_icon_small.png */; };
		26099BAC185E3C7E00105B39 /* snow_icon_small@2x.png in Resources */ = {isa = PBXBuildFile; fileRef = 26099B8C185E3C7E00105B39 /* snow_icon_small@2x.png */; };
		26099BAD185E3C7E00105B39 /* sunny_icon_small.png in Resources */ = {isa = PBXBuildFile; fileRef = 26099B8D185E3C7E00105B39 /* sunny_icon_small.png */; };
		26099BAE185E3C7E00105B39 /* sunny_icon_small@2x.png in Resources */ = {isa = PBXBuildFile; fileRef = 26099B8E185E3C7E00105B39 /* sunny_icon_small@2x.png */; };
		26099BAF185E3C7E00105B39 /* wind_icon_small.png in Resources */ = {isa = PBXBuildFile; fileRef = 26099B8F185E3C7E00105B39 /* wind_icon_small.png */; };
		26099BB0185E3C7E00105B39 /* wind_icon_small@2x.png in Resources */ = {isa = PBXBuildFile; fileRef = 26099B90185E3C7E00105B39 /* wind_icon_small@2x.png */; };
		263DD11618502AC700A891CC /* HOAnotationView.m in Sources */ = {isa = PBXBuildFile; fileRef = 263DD11518502AC700A891CC /* HOAnotationView.m */; };
		26416C6F185D1B4C00DBC774 /* right-blurry.png in Resources */ = {isa = PBXBuildFile; fileRef = 26416C6D185D1B4C00DBC774 /* right-blurry.png */; };
		26416C70185D1B4C00DBC774 /* right-blurry@2x.png in Resources */ = {isa = PBXBuildFile; fileRef = 26416C6E185D1B4C00DBC774 /* right-blurry@2x.png */; };
		2642A9841848580100A830EE /* horizontal-blur.png in Resources */ = {isa = PBXBuildFile; fileRef = 2642A9801848580100A830EE /* horizontal-blur.png */; };
		2642A9851848580100A830EE /* horizontal-blur@2x.png in Resources */ = {isa = PBXBuildFile; fileRef = 2642A9811848580100A830EE /* horizontal-blur@2x.png */; };
		2642A9861848580100A830EE /* clock-date-background.png in Resources */ = {isa = PBXBuildFile; fileRef = 2642A9821848580100A830EE /* clock-date-background.png */; };
		2642A9871848580100A830EE /* clock-date-background@2x.png in Resources */ = {isa = PBXBuildFile; fileRef = 2642A9831848580100A830EE /* clock-date-background@2x.png */; };
		2642A98A18485AEE00A830EE /* buttons-background.png in Resources */ = {isa = PBXBuildFile; fileRef = 2642A98818485AEE00A830EE /* buttons-background.png */; };
		2642A98B18485AEE00A830EE /* buttons-background@2x.png in Resources */ = {isa = PBXBuildFile; fileRef = 2642A98918485AEE00A830EE /* buttons-background@2x.png */; };
		267ADA071839BF460053D94C /* Foundation.framework in Frameworks */ = {isa = PBXBuildFile; fileRef = 267ADA061839BF460053D94C /* Foundation.framework */; };
		267ADA091839BF460053D94C /* CoreGraphics.framework in Frameworks */ = {isa = PBXBuildFile; fileRef = 267ADA081839BF460053D94C /* CoreGraphics.framework */; };
		267ADA0B1839BF460053D94C /* UIKit.framework in Frameworks */ = {isa = PBXBuildFile; fileRef = 267ADA0A1839BF460053D94C /* UIKit.framework */; };
		267ADA111839BF460053D94C /* InfoPlist.strings in Resources */ = {isa = PBXBuildFile; fileRef = 267ADA0F1839BF460053D94C /* InfoPlist.strings */; };
		267ADA131839BF460053D94C /* main.m in Sources */ = {isa = PBXBuildFile; fileRef = 267ADA121839BF460053D94C /* main.m */; };
		267ADA171839BF460053D94C /* AppDelegate.m in Sources */ = {isa = PBXBuildFile; fileRef = 267ADA161839BF460053D94C /* AppDelegate.m */; };
		267ADA191839BF460053D94C /* Images.xcassets in Resources */ = {isa = PBXBuildFile; fileRef = 267ADA181839BF460053D94C /* Images.xcassets */; };
		267ADA201839BF460053D94C /* XCTest.framework in Frameworks */ = {isa = PBXBuildFile; fileRef = 267ADA1F1839BF460053D94C /* XCTest.framework */; };
		267ADA211839BF460053D94C /* Foundation.framework in Frameworks */ = {isa = PBXBuildFile; fileRef = 267ADA061839BF460053D94C /* Foundation.framework */; };
		267ADA221839BF460053D94C /* UIKit.framework in Frameworks */ = {isa = PBXBuildFile; fileRef = 267ADA0A1839BF460053D94C /* UIKit.framework */; };
		267ADA2A1839BF460053D94C /* InfoPlist.strings in Resources */ = {isa = PBXBuildFile; fileRef = 267ADA281839BF460053D94C /* InfoPlist.strings */; };
		267ADA2C1839BF460053D94C /* Hotel_AppTests.m in Sources */ = {isa = PBXBuildFile; fileRef = 267ADA2B1839BF460053D94C /* Hotel_AppTests.m */; };
		267ADA391839C4130053D94C /* LockscreenViewController.m in Sources */ = {isa = PBXBuildFile; fileRef = 267ADA371839C4130053D94C /* LockscreenViewController.m */; };
		267ADA3A1839C4130053D94C /* LockscreenViewController.xib in Resources */ = {isa = PBXBuildFile; fileRef = 267ADA381839C4130053D94C /* LockscreenViewController.xib */; };
		267ADA601839D3FF0053D94C /* AFHTTPRequestOperation.m in Sources */ = {isa = PBXBuildFile; fileRef = 267ADA3E1839D3FF0053D94C /* AFHTTPRequestOperation.m */; };
		267ADA611839D3FF0053D94C /* AFHTTPRequestOperationManager.m in Sources */ = {isa = PBXBuildFile; fileRef = 267ADA401839D3FF0053D94C /* AFHTTPRequestOperationManager.m */; };
		267ADA621839D3FF0053D94C /* AFHTTPSessionManager.m in Sources */ = {isa = PBXBuildFile; fileRef = 267ADA421839D3FF0053D94C /* AFHTTPSessionManager.m */; };
		267ADA631839D3FF0053D94C /* AFNetworkReachabilityManager.m in Sources */ = {isa = PBXBuildFile; fileRef = 267ADA451839D3FF0053D94C /* AFNetworkReachabilityManager.m */; };
		267ADA641839D3FF0053D94C /* AFSecurityPolicy.m in Sources */ = {isa = PBXBuildFile; fileRef = 267ADA471839D3FF0053D94C /* AFSecurityPolicy.m */; };
		267ADA651839D3FF0053D94C /* AFURLConnectionOperation.m in Sources */ = {isa = PBXBuildFile; fileRef = 267ADA491839D3FF0053D94C /* AFURLConnectionOperation.m */; };
		267ADA661839D3FF0053D94C /* AFURLRequestSerialization.m in Sources */ = {isa = PBXBuildFile; fileRef = 267ADA4B1839D3FF0053D94C /* AFURLRequestSerialization.m */; };
		267ADA671839D3FF0053D94C /* AFURLResponseSerialization.m in Sources */ = {isa = PBXBuildFile; fileRef = 267ADA4D1839D3FF0053D94C /* AFURLResponseSerialization.m */; };
		267ADA681839D3FF0053D94C /* AFURLSessionManager.m in Sources */ = {isa = PBXBuildFile; fileRef = 267ADA4F1839D3FF0053D94C /* AFURLSessionManager.m */; };
		267ADA691839D3FF0053D94C /* AFNetworkActivityIndicatorManager.m in Sources */ = {isa = PBXBuildFile; fileRef = 267ADA521839D3FF0053D94C /* AFNetworkActivityIndicatorManager.m */; };
		267ADA6A1839D3FF0053D94C /* UIActivityIndicatorView+AFNetworking.m in Sources */ = {isa = PBXBuildFile; fileRef = 267ADA541839D3FF0053D94C /* UIActivityIndicatorView+AFNetworking.m */; };
		267ADA6B1839D3FF0053D94C /* UIAlertView+AFNetworking.m in Sources */ = {isa = PBXBuildFile; fileRef = 267ADA561839D3FF0053D94C /* UIAlertView+AFNetworking.m */; };
		267ADA6C1839D3FF0053D94C /* UIButton+AFNetworking.m in Sources */ = {isa = PBXBuildFile; fileRef = 267ADA581839D3FF0053D94C /* UIButton+AFNetworking.m */; };
		267ADA6D1839D3FF0053D94C /* UIImageView+AFNetworking.m in Sources */ = {isa = PBXBuildFile; fileRef = 267ADA5A1839D3FF0053D94C /* UIImageView+AFNetworking.m */; };
		267ADA6E1839D3FF0053D94C /* UIProgressView+AFNetworking.m in Sources */ = {isa = PBXBuildFile; fileRef = 267ADA5D1839D3FF0053D94C /* UIProgressView+AFNetworking.m */; };
		267ADA6F1839D3FF0053D94C /* UIWebView+AFNetworking.m in Sources */ = {isa = PBXBuildFile; fileRef = 267ADA5F1839D3FF0053D94C /* UIWebView+AFNetworking.m */; };
		267ADA731839D5330053D94C /* Weather.m in Sources */ = {isa = PBXBuildFile; fileRef = 267ADA721839D5330053D94C /* Weather.m */; };
		267ADA781839D90A0053D94C /* LandingViewController.m in Sources */ = {isa = PBXBuildFile; fileRef = 267ADA761839D90A0053D94C /* LandingViewController.m */; };
		267ADA791839D90A0053D94C /* LandingViewController.xib in Resources */ = {isa = PBXBuildFile; fileRef = 267ADA771839D90A0053D94C /* LandingViewController.xib */; };
		268DA53C185546670096F376 /* food1.png in Resources */ = {isa = PBXBuildFile; fileRef = 268DA530185546670096F376 /* food1.png */; };
		268DA53D185546670096F376 /* food1@2x.png in Resources */ = {isa = PBXBuildFile; fileRef = 268DA531185546670096F376 /* food1@2x.png */; };
		268DA53E185546670096F376 /* food2.png in Resources */ = {isa = PBXBuildFile; fileRef = 268DA532185546670096F376 /* food2.png */; };
		268DA53F185546670096F376 /* food2@2x.png in Resources */ = {isa = PBXBuildFile; fileRef = 268DA533185546670096F376 /* food2@2x.png */; };
		268DA540185546670096F376 /* food3.png in Resources */ = {isa = PBXBuildFile; fileRef = 268DA534185546670096F376 /* food3.png */; };
		268DA541185546670096F376 /* food3@2x.png in Resources */ = {isa = PBXBuildFile; fileRef = 268DA535185546670096F376 /* food3@2x.png */; };
		268DA542185546670096F376 /* food4.png in Resources */ = {isa = PBXBuildFile; fileRef = 268DA536185546670096F376 /* food4.png */; };
		268DA543185546670096F376 /* food4@2x.png in Resources */ = {isa = PBXBuildFile; fileRef = 268DA537185546670096F376 /* food4@2x.png */; };
		268DA544185546670096F376 /* food5.png in Resources */ = {isa = PBXBuildFile; fileRef = 268DA538185546670096F376 /* food5.png */; };
		268DA545185546670096F376 /* food5@2x.png in Resources */ = {isa = PBXBuildFile; fileRef = 268DA539185546670096F376 /* food5@2x.png */; };
		268DA546185546670096F376 /* food6.png in Resources */ = {isa = PBXBuildFile; fileRef = 268DA53A185546670096F376 /* food6.png */; };
		268DA547185546670096F376 /* food6@2x.png in Resources */ = {isa = PBXBuildFile; fileRef = 268DA53B185546670096F376 /* food6@2x.png */; };
		268DA54A18554C1D0096F376 /* FoodCell.m in Sources */ = {isa = PBXBuildFile; fileRef = 268DA54918554C1D0096F376 /* FoodCell.m */; };
		268DA54C18554C320096F376 /* FoodCell.xib in Resources */ = {isa = PBXBuildFile; fileRef = 268DA54B18554C320096F376 /* FoodCell.xib */; };
		268EB675183D973D009AD9BB /* separator.png in Resources */ = {isa = PBXBuildFile; fileRef = 268EB673183D973D009AD9BB /* separator.png */; };
		268EB676183D973D009AD9BB /* separator@2x.png in Resources */ = {isa = PBXBuildFile; fileRef = 268EB674183D973D009AD9BB /* separator@2x.png */; };
		268EB678183D986E009AD9BB /* QuartzCore.framework in Frameworks */ = {isa = PBXBuildFile; fileRef = 268EB677183D986E009AD9BB /* QuartzCore.framework */; };
		26A20662183C757B00568A67 /* Default-Landscape.png in Resources */ = {isa = PBXBuildFile; fileRef = 26A2065E183C757B00568A67 /* Default-Landscape.png */; };
		26A20663183C757B00568A67 /* Default-Landscape@2x.png in Resources */ = {isa = PBXBuildFile; fileRef = 26A2065F183C757B00568A67 /* Default-Landscape@2x.png */; };
		26A20664183C757B00568A67 /* gray-burry.png in Resources */ = {isa = PBXBuildFile; fileRef = 26A20660183C757B00568A67 /* gray-burry.png */; };
		26A20665183C757B00568A67 /* gray-burry@2x.png in Resources */ = {isa = PBXBuildFile; fileRef = 26A20661183C757B00568A67 /* gray-burry@2x.png */; };
		26C475F71859661600DC99E7 /* dining.json in Resources */ = {isa = PBXBuildFile; fileRef = 26C475F51859661600DC99E7 /* dining.json */; };
		26C475FA1859679800DC99E7 /* Dish.m in Sources */ = {isa = PBXBuildFile; fileRef = 26C475F91859679800DC99E7 /* Dish.m */; };
		26F42BD4184D6C58003E3791 /* close_desc_button.png in Resources */ = {isa = PBXBuildFile; fileRef = 26F42BCE184D6C58003E3791 /* close_desc_button.png */; };
		26F42BD5184D6C58003E3791 /* close_desc_button@2x.png in Resources */ = {isa = PBXBuildFile; fileRef = 26F42BCF184D6C58003E3791 /* close_desc_button@2x.png */; };
		26F42BD6184D6C58003E3791 /* open_desc_button.png in Resources */ = {isa = PBXBuildFile; fileRef = 26F42BD0184D6C58003E3791 /* open_desc_button.png */; };
		26F42BD7184D6C58003E3791 /* open_desc_button@2x.png in Resources */ = {isa = PBXBuildFile; fileRef = 26F42BD1184D6C58003E3791 /* open_desc_button@2x.png */; };
		26F42BD8184D6C58003E3791 /* hotel-icon.png in Resources */ = {isa = PBXBuildFile; fileRef = 26F42BD2184D6C58003E3791 /* hotel-icon.png */; };
		26F42BD9184D6C58003E3791 /* hotel-icon@2x.png in Resources */ = {isa = PBXBuildFile; fileRef = 26F42BD3184D6C58003E3791 /* hotel-icon@2x.png */; };
		26F42BDE184D7474003E3791 /* DiningViewController.m in Sources */ = {isa = PBXBuildFile; fileRef = 26F42BDC184D7474003E3791 /* DiningViewController.m */; };
		26F42BDF184D7474003E3791 /* DiningViewController.xib in Resources */ = {isa = PBXBuildFile; fileRef = 26F42BDD184D7474003E3791 /* DiningViewController.xib */; };
		26F42BE4184D76DA003E3791 /* blurry-info-panel@2x.png in Resources */ = {isa = PBXBuildFile; fileRef = 26F42BE0184D76DA003E3791 /* blurry-info-panel@2x.png */; };
		26F42BE5184D76DA003E3791 /* blurry-info-panel.png in Resources */ = {isa = PBXBuildFile; fileRef = 26F42BE1184D76DA003E3791 /* blurry-info-panel.png */; };
		26F42BE6184D76DA003E3791 /* left-panel.png in Resources */ = {isa = PBXBuildFile; fileRef = 26F42BE2184D76DA003E3791 /* left-panel.png */; };
		26F42BE7184D76DA003E3791 /* left-panel@2x.png in Resources */ = {isa = PBXBuildFile; fileRef = 26F42BE3184D76DA003E3791 /* left-panel@2x.png */; };
		26F42BEA184D771E003E3791 /* back.png in Resources */ = {isa = PBXBuildFile; fileRef = 26F42BE8184D771E003E3791 /* back.png */; };
		26F42BEB184D771E003E3791 /* back@2x.png in Resources */ = {isa = PBXBuildFile; fileRef = 26F42BE9184D771E003E3791 /* back@2x.png */; };
		26F42BF0184D7D4D003E3791 /* CityGuideViewController.m in Sources */ = {isa = PBXBuildFile; fileRef = 26F42BEE184D7D4D003E3791 /* CityGuideViewController.m */; };
		26F42BF1184D7D4D003E3791 /* CityGuideViewController.xib in Resources */ = {isa = PBXBuildFile; fileRef = 26F42BEF184D7D4D003E3791 /* CityGuideViewController.xib */; };
		26F42BF3184D7E61003E3791 /* MapKit.framework in Frameworks */ = {isa = PBXBuildFile; fileRef = 26F42BF2184D7E61003E3791 /* MapKit.framework */; };
		26F42BF6184D838E003E3791 /* FoursquareManager.m in Sources */ = {isa = PBXBuildFile; fileRef = 26F42BF5184D838E003E3791 /* FoursquareManager.m */; };
		26F42BF9184D8633003E3791 /* CityLocation.m in Sources */ = {isa = PBXBuildFile; fileRef = 26F42BF8184D8633003E3791 /* CityLocation.m */; };
/* End PBXBuildFile section */

/* Begin PBXContainerItemProxy section */
		267ADA231839BF460053D94C /* PBXContainerItemProxy */ = {
			isa = PBXContainerItemProxy;
			containerPortal = 267AD9FB1839BF460053D94C /* Project object */;
			proxyType = 1;
			remoteGlobalIDString = 267ADA021839BF460053D94C;
			remoteInfo = "Hotel App";
		};
/* End PBXContainerItemProxy section */

/* Begin PBXFileReference section */
		2604F91418517DFB00CB5B81 /* AmenitiesViewController.h */ = {isa = PBXFileReference; fileEncoding = 4; lastKnownFileType = sourcecode.c.h; path = AmenitiesViewController.h; sourceTree = "<group>"; };
		2604F91518517DFB00CB5B81 /* AmenitiesViewController.m */ = {isa = PBXFileReference; fileEncoding = 4; lastKnownFileType = sourcecode.c.objc; path = AmenitiesViewController.m; sourceTree = "<group>"; };
		2604F91618517DFB00CB5B81 /* AmenitiesViewController.xib */ = {isa = PBXFileReference; fileEncoding = 4; lastKnownFileType = file.xib; path = AmenitiesViewController.xib; sourceTree = "<group>"; };
		2604F9191851843500CB5B81 /* UINavigationController+Retro.h */ = {isa = PBXFileReference; fileEncoding = 4; lastKnownFileType = sourcecode.c.h; path = "UINavigationController+Retro.h"; sourceTree = "<group>"; };
		2604F91A1851843500CB5B81 /* UINavigationController+Retro.m */ = {isa = PBXFileReference; fileEncoding = 4; lastKnownFileType = sourcecode.c.objc; path = "UINavigationController+Retro.m"; sourceTree = "<group>"; };
		2604F91C1851874200CB5B81 /* check.png */ = {isa = PBXFileReference; lastKnownFileType = image.png; path = check.png; sourceTree = "<group>"; };
		2604F91D1851874200CB5B81 /* check@2x.png */ = {isa = PBXFileReference; lastKnownFileType = image.png; path = "check@2x.png"; sourceTree = "<group>"; };
		26099B6B185E158300105B39 /* HoleyRightPanelView.h */ = {isa = PBXFileReference; fileEncoding = 4; lastKnownFileType = sourcecode.c.h; path = HoleyRightPanelView.h; sourceTree = "<group>"; };
		26099B6C185E158300105B39 /* HoleyRightPanelView.m */ = {isa = PBXFileReference; fileEncoding = 4; lastKnownFileType = sourcecode.c.objc; path = HoleyRightPanelView.m; sourceTree = "<group>"; };
		26099B70185E3C7E00105B39 /* cloudy_icon.png */ = {isa = PBXFileReference; lastKnownFileType = image.png; path = cloudy_icon.png; sourceTree = "<group>"; };
		26099B71185E3C7E00105B39 /* cloudy_icon@2x.png */ = {isa = PBXFileReference; lastKnownFileType = image.png; path = "cloudy_icon@2x.png"; sourceTree = "<group>"; };
		26099B72185E3C7E00105B39 /* fog_icon.png */ = {isa = PBXFileReference; lastKnownFileType = image.png; path = fog_icon.png; sourceTree = "<group>"; };
		26099B73185E3C7E00105B39 /* fog_icon@2x.png */ = {isa = PBXFileReference; lastKnownFileType = image.png; path = "fog_icon@2x.png"; sourceTree = "<group>"; };
		26099B74185E3C7E00105B39 /* partly_cloudy_icon.png */ = {isa = PBXFileReference; lastKnownFileType = image.png; path = partly_cloudy_icon.png; sourceTree = "<group>"; };
		26099B75185E3C7E00105B39 /* partly_cloudy_icon@2x.png */ = {isa = PBXFileReference; lastKnownFileType = image.png; path = "partly_cloudy_icon@2x.png"; sourceTree = "<group>"; };
		26099B76185E3C7E00105B39 /* raining_icon.png */ = {isa = PBXFileReference; lastKnownFileType = image.png; path = raining_icon.png; sourceTree = "<group>"; };
		26099B77185E3C7E00105B39 /* raining_icon@2x.png */ = {isa = PBXFileReference; lastKnownFileType = image.png; path = "raining_icon@2x.png"; sourceTree = "<group>"; };
		26099B78185E3C7E00105B39 /* sleet_icon.png */ = {isa = PBXFileReference; lastKnownFileType = image.png; path = sleet_icon.png; sourceTree = "<group>"; };
		26099B79185E3C7E00105B39 /* sleet_icon@2x.png */ = {isa = PBXFileReference; lastKnownFileType = image.png; path = "sleet_icon@2x.png"; sourceTree = "<group>"; };
		26099B7A185E3C7E00105B39 /* snow_icon.png */ = {isa = PBXFileReference; lastKnownFileType = image.png; path = snow_icon.png; sourceTree = "<group>"; };
		26099B7B185E3C7E00105B39 /* snow_icon@2x.png */ = {isa = PBXFileReference; lastKnownFileType = image.png; path = "snow_icon@2x.png"; sourceTree = "<group>"; };
		26099B7C185E3C7E00105B39 /* sunny_icon.png */ = {isa = PBXFileReference; lastKnownFileType = image.png; path = sunny_icon.png; sourceTree = "<group>"; };
		26099B7D185E3C7E00105B39 /* sunny_icon@2x.png */ = {isa = PBXFileReference; lastKnownFileType = image.png; path = "sunny_icon@2x.png"; sourceTree = "<group>"; };
		26099B7E185E3C7E00105B39 /* wind_icon.png */ = {isa = PBXFileReference; lastKnownFileType = image.png; path = wind_icon.png; sourceTree = "<group>"; };
		26099B7F185E3C7E00105B39 /* wind_icon@2x.png */ = {isa = PBXFileReference; lastKnownFileType = image.png; path = "wind_icon@2x.png"; sourceTree = "<group>"; };
		26099B81185E3C7E00105B39 /* cloudy_icon_small.png */ = {isa = PBXFileReference; lastKnownFileType = image.png; path = cloudy_icon_small.png; sourceTree = "<group>"; };
		26099B82185E3C7E00105B39 /* cloudy_icon_small@2x.png */ = {isa = PBXFileReference; lastKnownFileType = image.png; path = "cloudy_icon_small@2x.png"; sourceTree = "<group>"; };
		26099B83185E3C7E00105B39 /* fog_icon_small.png */ = {isa = PBXFileReference; lastKnownFileType = image.png; path = fog_icon_small.png; sourceTree = "<group>"; };
		26099B84185E3C7E00105B39 /* fog_icon_small@2x.png */ = {isa = PBXFileReference; lastKnownFileType = image.png; path = "fog_icon_small@2x.png"; sourceTree = "<group>"; };
		26099B85185E3C7E00105B39 /* partly_cloudy_icon_small.png */ = {isa = PBXFileReference; lastKnownFileType = image.png; path = partly_cloudy_icon_small.png; sourceTree = "<group>"; };
		26099B86185E3C7E00105B39 /* partly_cloudy_icon_small@2x.png */ = {isa = PBXFileReference; lastKnownFileType = image.png; path = "partly_cloudy_icon_small@2x.png"; sourceTree = "<group>"; };
		26099B87185E3C7E00105B39 /* raining_icon_small.png */ = {isa = PBXFileReference; lastKnownFileType = image.png; path = raining_icon_small.png; sourceTree = "<group>"; };
		26099B88185E3C7E00105B39 /* raining_icon_small@2x.png */ = {isa = PBXFileReference; lastKnownFileType = image.png; path = "raining_icon_small@2x.png"; sourceTree = "<group>"; };
		26099B89185E3C7E00105B39 /* sleet_icon_small.png */ = {isa = PBXFileReference; lastKnownFileType = image.png; path = sleet_icon_small.png; sourceTree = "<group>"; };
		26099B8A185E3C7E00105B39 /* sleet_icon_small@2x.png */ = {isa = PBXFileReference; lastKnownFileType = image.png; path = "sleet_icon_small@2x.png"; sourceTree = "<group>"; };
		26099B8B185E3C7E00105B39 /* snow_icon_small.png */ = {isa = PBXFileReference; lastKnownFileType = image.png; path = snow_icon_small.png; sourceTree = "<group>"; };
		26099B8C185E3C7E00105B39 /* snow_icon_small@2x.png */ = {isa = PBXFileReference; lastKnownFileType = image.png; path = "snow_icon_small@2x.png"; sourceTree = "<group>"; };
		26099B8D185E3C7E00105B39 /* sunny_icon_small.png */ = {isa = PBXFileReference; lastKnownFileType = image.png; path = sunny_icon_small.png; sourceTree = "<group>"; };
		26099B8E185E3C7E00105B39 /* sunny_icon_small@2x.png */ = {isa = PBXFileReference; lastKnownFileType = image.png; path = "sunny_icon_small@2x.png"; sourceTree = "<group>"; };
		26099B8F185E3C7E00105B39 /* wind_icon_small.png */ = {isa = PBXFileReference; lastKnownFileType = image.png; path = wind_icon_small.png; sourceTree = "<group>"; };
		26099B90185E3C7E00105B39 /* wind_icon_small@2x.png */ = {isa = PBXFileReference; lastKnownFileType = image.png; path = "wind_icon_small@2x.png"; sourceTree = "<group>"; };
		263DD11418502AC700A891CC /* HOAnotationView.h */ = {isa = PBXFileReference; fileEncoding = 4; lastKnownFileType = sourcecode.c.h; path = HOAnotationView.h; sourceTree = "<group>"; };
		263DD11518502AC700A891CC /* HOAnotationView.m */ = {isa = PBXFileReference; fileEncoding = 4; lastKnownFileType = sourcecode.c.objc; path = HOAnotationView.m; sourceTree = "<group>"; };
		26416C6D185D1B4C00DBC774 /* right-blurry.png */ = {isa = PBXFileReference; lastKnownFileType = image.png; path = "right-blurry.png"; sourceTree = "<group>"; };
		26416C6E185D1B4C00DBC774 /* right-blurry@2x.png */ = {isa = PBXFileReference; lastKnownFileType = image.png; path = "right-blurry@2x.png"; sourceTree = "<group>"; };
		2642A9801848580100A830EE /* horizontal-blur.png */ = {isa = PBXFileReference; lastKnownFileType = image.png; path = "horizontal-blur.png"; sourceTree = "<group>"; };
		2642A9811848580100A830EE /* horizontal-blur@2x.png */ = {isa = PBXFileReference; lastKnownFileType = image.png; path = "horizontal-blur@2x.png"; sourceTree = "<group>"; };
		2642A9821848580100A830EE /* clock-date-background.png */ = {isa = PBXFileReference; lastKnownFileType = image.png; path = "clock-date-background.png"; sourceTree = "<group>"; };
		2642A9831848580100A830EE /* clock-date-background@2x.png */ = {isa = PBXFileReference; lastKnownFileType = image.png; path = "clock-date-background@2x.png"; sourceTree = "<group>"; };
		2642A98818485AEE00A830EE /* buttons-background.png */ = {isa = PBXFileReference; lastKnownFileType = image.png; path = "buttons-background.png"; sourceTree = "<group>"; };
		2642A98918485AEE00A830EE /* buttons-background@2x.png */ = {isa = PBXFileReference; lastKnownFileType = image.png; path = "buttons-background@2x.png"; sourceTree = "<group>"; };
		267ADA031839BF460053D94C /* Hotel App.app */ = {isa = PBXFileReference; explicitFileType = wrapper.application; includeInIndex = 0; path = "Hotel App.app"; sourceTree = BUILT_PRODUCTS_DIR; };
		267ADA061839BF460053D94C /* Foundation.framework */ = {isa = PBXFileReference; lastKnownFileType = wrapper.framework; name = Foundation.framework; path = System/Library/Frameworks/Foundation.framework; sourceTree = SDKROOT; };
		267ADA081839BF460053D94C /* CoreGraphics.framework */ = {isa = PBXFileReference; lastKnownFileType = wrapper.framework; name = CoreGraphics.framework; path = System/Library/Frameworks/CoreGraphics.framework; sourceTree = SDKROOT; };
		267ADA0A1839BF460053D94C /* UIKit.framework */ = {isa = PBXFileReference; lastKnownFileType = wrapper.framework; name = UIKit.framework; path = System/Library/Frameworks/UIKit.framework; sourceTree = SDKROOT; };
		267ADA0E1839BF460053D94C /* Hotel App-Info.plist */ = {isa = PBXFileReference; lastKnownFileType = text.plist.xml; path = "Hotel App-Info.plist"; sourceTree = "<group>"; };
		267ADA101839BF460053D94C /* en */ = {isa = PBXFileReference; lastKnownFileType = text.plist.strings; name = en; path = en.lproj/InfoPlist.strings; sourceTree = "<group>"; };
		267ADA121839BF460053D94C /* main.m */ = {isa = PBXFileReference; lastKnownFileType = sourcecode.c.objc; path = main.m; sourceTree = "<group>"; };
		267ADA141839BF460053D94C /* Hotel App-Prefix.pch */ = {isa = PBXFileReference; lastKnownFileType = sourcecode.c.h; path = "Hotel App-Prefix.pch"; sourceTree = "<group>"; };
		267ADA151839BF460053D94C /* AppDelegate.h */ = {isa = PBXFileReference; lastKnownFileType = sourcecode.c.h; path = AppDelegate.h; sourceTree = "<group>"; };
		267ADA161839BF460053D94C /* AppDelegate.m */ = {isa = PBXFileReference; lastKnownFileType = sourcecode.c.objc; path = AppDelegate.m; sourceTree = "<group>"; };
		267ADA181839BF460053D94C /* Images.xcassets */ = {isa = PBXFileReference; lastKnownFileType = folder.assetcatalog; path = Images.xcassets; sourceTree = "<group>"; };
		267ADA1E1839BF460053D94C /* Hotel AppTests.xctest */ = {isa = PBXFileReference; explicitFileType = wrapper.cfbundle; includeInIndex = 0; path = "Hotel AppTests.xctest"; sourceTree = BUILT_PRODUCTS_DIR; };
		267ADA1F1839BF460053D94C /* XCTest.framework */ = {isa = PBXFileReference; lastKnownFileType = wrapper.framework; name = XCTest.framework; path = Library/Frameworks/XCTest.framework; sourceTree = DEVELOPER_DIR; };
		267ADA271839BF460053D94C /* Hotel AppTests-Info.plist */ = {isa = PBXFileReference; lastKnownFileType = text.plist.xml; path = "Hotel AppTests-Info.plist"; sourceTree = "<group>"; };
		267ADA291839BF460053D94C /* en */ = {isa = PBXFileReference; lastKnownFileType = text.plist.strings; name = en; path = en.lproj/InfoPlist.strings; sourceTree = "<group>"; };
		267ADA2B1839BF460053D94C /* Hotel_AppTests.m */ = {isa = PBXFileReference; lastKnownFileType = sourcecode.c.objc; path = Hotel_AppTests.m; sourceTree = "<group>"; };
		267ADA361839C4130053D94C /* LockscreenViewController.h */ = {isa = PBXFileReference; fileEncoding = 4; lastKnownFileType = sourcecode.c.h; path = LockscreenViewController.h; sourceTree = "<group>"; };
		267ADA371839C4130053D94C /* LockscreenViewController.m */ = {isa = PBXFileReference; fileEncoding = 4; lastKnownFileType = sourcecode.c.objc; path = LockscreenViewController.m; sourceTree = "<group>"; };
		267ADA381839C4130053D94C /* LockscreenViewController.xib */ = {isa = PBXFileReference; fileEncoding = 4; lastKnownFileType = file.xib; path = LockscreenViewController.xib; sourceTree = "<group>"; };
		267ADA3D1839D3FF0053D94C /* AFHTTPRequestOperation.h */ = {isa = PBXFileReference; fileEncoding = 4; lastKnownFileType = sourcecode.c.h; path = AFHTTPRequestOperation.h; sourceTree = "<group>"; };
		267ADA3E1839D3FF0053D94C /* AFHTTPRequestOperation.m */ = {isa = PBXFileReference; fileEncoding = 4; lastKnownFileType = sourcecode.c.objc; path = AFHTTPRequestOperation.m; sourceTree = "<group>"; };
		267ADA3F1839D3FF0053D94C /* AFHTTPRequestOperationManager.h */ = {isa = PBXFileReference; fileEncoding = 4; lastKnownFileType = sourcecode.c.h; path = AFHTTPRequestOperationManager.h; sourceTree = "<group>"; };
		267ADA401839D3FF0053D94C /* AFHTTPRequestOperationManager.m */ = {isa = PBXFileReference; fileEncoding = 4; lastKnownFileType = sourcecode.c.objc; path = AFHTTPRequestOperationManager.m; sourceTree = "<group>"; };
		267ADA411839D3FF0053D94C /* AFHTTPSessionManager.h */ = {isa = PBXFileReference; fileEncoding = 4; lastKnownFileType = sourcecode.c.h; path = AFHTTPSessionManager.h; sourceTree = "<group>"; };
		267ADA421839D3FF0053D94C /* AFHTTPSessionManager.m */ = {isa = PBXFileReference; fileEncoding = 4; lastKnownFileType = sourcecode.c.objc; path = AFHTTPSessionManager.m; sourceTree = "<group>"; };
		267ADA431839D3FF0053D94C /* AFNetworking.h */ = {isa = PBXFileReference; fileEncoding = 4; lastKnownFileType = sourcecode.c.h; path = AFNetworking.h; sourceTree = "<group>"; };
		267ADA441839D3FF0053D94C /* AFNetworkReachabilityManager.h */ = {isa = PBXFileReference; fileEncoding = 4; lastKnownFileType = sourcecode.c.h; path = AFNetworkReachabilityManager.h; sourceTree = "<group>"; };
		267ADA451839D3FF0053D94C /* AFNetworkReachabilityManager.m */ = {isa = PBXFileReference; fileEncoding = 4; lastKnownFileType = sourcecode.c.objc; path = AFNetworkReachabilityManager.m; sourceTree = "<group>"; };
		267ADA461839D3FF0053D94C /* AFSecurityPolicy.h */ = {isa = PBXFileReference; fileEncoding = 4; lastKnownFileType = sourcecode.c.h; path = AFSecurityPolicy.h; sourceTree = "<group>"; };
		267ADA471839D3FF0053D94C /* AFSecurityPolicy.m */ = {isa = PBXFileReference; fileEncoding = 4; lastKnownFileType = sourcecode.c.objc; path = AFSecurityPolicy.m; sourceTree = "<group>"; };
		267ADA481839D3FF0053D94C /* AFURLConnectionOperation.h */ = {isa = PBXFileReference; fileEncoding = 4; lastKnownFileType = sourcecode.c.h; path = AFURLConnectionOperation.h; sourceTree = "<group>"; };
		267ADA491839D3FF0053D94C /* AFURLConnectionOperation.m */ = {isa = PBXFileReference; fileEncoding = 4; lastKnownFileType = sourcecode.c.objc; path = AFURLConnectionOperation.m; sourceTree = "<group>"; };
		267ADA4A1839D3FF0053D94C /* AFURLRequestSerialization.h */ = {isa = PBXFileReference; fileEncoding = 4; lastKnownFileType = sourcecode.c.h; path = AFURLRequestSerialization.h; sourceTree = "<group>"; };
		267ADA4B1839D3FF0053D94C /* AFURLRequestSerialization.m */ = {isa = PBXFileReference; fileEncoding = 4; lastKnownFileType = sourcecode.c.objc; path = AFURLRequestSerialization.m; sourceTree = "<group>"; };
		267ADA4C1839D3FF0053D94C /* AFURLResponseSerialization.h */ = {isa = PBXFileReference; fileEncoding = 4; lastKnownFileType = sourcecode.c.h; path = AFURLResponseSerialization.h; sourceTree = "<group>"; };
		267ADA4D1839D3FF0053D94C /* AFURLResponseSerialization.m */ = {isa = PBXFileReference; fileEncoding = 4; lastKnownFileType = sourcecode.c.objc; path = AFURLResponseSerialization.m; sourceTree = "<group>"; };
		267ADA4E1839D3FF0053D94C /* AFURLSessionManager.h */ = {isa = PBXFileReference; fileEncoding = 4; lastKnownFileType = sourcecode.c.h; path = AFURLSessionManager.h; sourceTree = "<group>"; };
		267ADA4F1839D3FF0053D94C /* AFURLSessionManager.m */ = {isa = PBXFileReference; fileEncoding = 4; lastKnownFileType = sourcecode.c.objc; path = AFURLSessionManager.m; sourceTree = "<group>"; };
		267ADA511839D3FF0053D94C /* AFNetworkActivityIndicatorManager.h */ = {isa = PBXFileReference; fileEncoding = 4; lastKnownFileType = sourcecode.c.h; path = AFNetworkActivityIndicatorManager.h; sourceTree = "<group>"; };
		267ADA521839D3FF0053D94C /* AFNetworkActivityIndicatorManager.m */ = {isa = PBXFileReference; fileEncoding = 4; lastKnownFileType = sourcecode.c.objc; path = AFNetworkActivityIndicatorManager.m; sourceTree = "<group>"; };
		267ADA531839D3FF0053D94C /* UIActivityIndicatorView+AFNetworking.h */ = {isa = PBXFileReference; fileEncoding = 4; lastKnownFileType = sourcecode.c.h; path = "UIActivityIndicatorView+AFNetworking.h"; sourceTree = "<group>"; };
		267ADA541839D3FF0053D94C /* UIActivityIndicatorView+AFNetworking.m */ = {isa = PBXFileReference; fileEncoding = 4; lastKnownFileType = sourcecode.c.objc; path = "UIActivityIndicatorView+AFNetworking.m"; sourceTree = "<group>"; };
		267ADA551839D3FF0053D94C /* UIAlertView+AFNetworking.h */ = {isa = PBXFileReference; fileEncoding = 4; lastKnownFileType = sourcecode.c.h; path = "UIAlertView+AFNetworking.h"; sourceTree = "<group>"; };
		267ADA561839D3FF0053D94C /* UIAlertView+AFNetworking.m */ = {isa = PBXFileReference; fileEncoding = 4; lastKnownFileType = sourcecode.c.objc; path = "UIAlertView+AFNetworking.m"; sourceTree = "<group>"; };
		267ADA571839D3FF0053D94C /* UIButton+AFNetworking.h */ = {isa = PBXFileReference; fileEncoding = 4; lastKnownFileType = sourcecode.c.h; path = "UIButton+AFNetworking.h"; sourceTree = "<group>"; };
		267ADA581839D3FF0053D94C /* UIButton+AFNetworking.m */ = {isa = PBXFileReference; fileEncoding = 4; lastKnownFileType = sourcecode.c.objc; path = "UIButton+AFNetworking.m"; sourceTree = "<group>"; };
		267ADA591839D3FF0053D94C /* UIImageView+AFNetworking.h */ = {isa = PBXFileReference; fileEncoding = 4; lastKnownFileType = sourcecode.c.h; path = "UIImageView+AFNetworking.h"; sourceTree = "<group>"; };
		267ADA5A1839D3FF0053D94C /* UIImageView+AFNetworking.m */ = {isa = PBXFileReference; fileEncoding = 4; lastKnownFileType = sourcecode.c.objc; path = "UIImageView+AFNetworking.m"; sourceTree = "<group>"; };
		267ADA5B1839D3FF0053D94C /* UIKit+AFNetworking.h */ = {isa = PBXFileReference; fileEncoding = 4; lastKnownFileType = sourcecode.c.h; path = "UIKit+AFNetworking.h"; sourceTree = "<group>"; };
		267ADA5C1839D3FF0053D94C /* UIProgressView+AFNetworking.h */ = {isa = PBXFileReference; fileEncoding = 4; lastKnownFileType = sourcecode.c.h; path = "UIProgressView+AFNetworking.h"; sourceTree = "<group>"; };
		267ADA5D1839D3FF0053D94C /* UIProgressView+AFNetworking.m */ = {isa = PBXFileReference; fileEncoding = 4; lastKnownFileType = sourcecode.c.objc; path = "UIProgressView+AFNetworking.m"; sourceTree = "<group>"; };
		267ADA5E1839D3FF0053D94C /* UIWebView+AFNetworking.h */ = {isa = PBXFileReference; fileEncoding = 4; lastKnownFileType = sourcecode.c.h; path = "UIWebView+AFNetworking.h"; sourceTree = "<group>"; };
		267ADA5F1839D3FF0053D94C /* UIWebView+AFNetworking.m */ = {isa = PBXFileReference; fileEncoding = 4; lastKnownFileType = sourcecode.c.objc; path = "UIWebView+AFNetworking.m"; sourceTree = "<group>"; };
		267ADA711839D5330053D94C /* Weather.h */ = {isa = PBXFileReference; fileEncoding = 4; lastKnownFileType = sourcecode.c.h; path = Weather.h; sourceTree = "<group>"; };
		267ADA721839D5330053D94C /* Weather.m */ = {isa = PBXFileReference; fileEncoding = 4; lastKnownFileType = sourcecode.c.objc; path = Weather.m; sourceTree = "<group>"; };
		267ADA751839D90A0053D94C /* LandingViewController.h */ = {isa = PBXFileReference; fileEncoding = 4; lastKnownFileType = sourcecode.c.h; path = LandingViewController.h; sourceTree = "<group>"; };
		267ADA761839D90A0053D94C /* LandingViewController.m */ = {isa = PBXFileReference; fileEncoding = 4; lastKnownFileType = sourcecode.c.objc; path = LandingViewController.m; sourceTree = "<group>"; };
		267ADA771839D90A0053D94C /* LandingViewController.xib */ = {isa = PBXFileReference; fileEncoding = 4; lastKnownFileType = file.xib; path = LandingViewController.xib; sourceTree = "<group>"; };
		268DA530185546670096F376 /* food1.png */ = {isa = PBXFileReference; lastKnownFileType = image.png; path = food1.png; sourceTree = "<group>"; };
		268DA531185546670096F376 /* food1@2x.png */ = {isa = PBXFileReference; lastKnownFileType = image.png; path = "food1@2x.png"; sourceTree = "<group>"; };
		268DA532185546670096F376 /* food2.png */ = {isa = PBXFileReference; lastKnownFileType = image.png; path = food2.png; sourceTree = "<group>"; };
		268DA533185546670096F376 /* food2@2x.png */ = {isa = PBXFileReference; lastKnownFileType = image.png; path = "food2@2x.png"; sourceTree = "<group>"; };
		268DA534185546670096F376 /* food3.png */ = {isa = PBXFileReference; lastKnownFileType = image.png; path = food3.png; sourceTree = "<group>"; };
		268DA535185546670096F376 /* food3@2x.png */ = {isa = PBXFileReference; lastKnownFileType = image.png; path = "food3@2x.png"; sourceTree = "<group>"; };
		268DA536185546670096F376 /* food4.png */ = {isa = PBXFileReference; lastKnownFileType = image.png; path = food4.png; sourceTree = "<group>"; };
		268DA537185546670096F376 /* food4@2x.png */ = {isa = PBXFileReference; lastKnownFileType = image.png; path = "food4@2x.png"; sourceTree = "<group>"; };
		268DA538185546670096F376 /* food5.png */ = {isa = PBXFileReference; lastKnownFileType = image.png; path = food5.png; sourceTree = "<group>"; };
		268DA539185546670096F376 /* food5@2x.png */ = {isa = PBXFileReference; lastKnownFileType = image.png; path = "food5@2x.png"; sourceTree = "<group>"; };
		268DA53A185546670096F376 /* food6.png */ = {isa = PBXFileReference; lastKnownFileType = image.png; path = food6.png; sourceTree = "<group>"; };
		268DA53B185546670096F376 /* food6@2x.png */ = {isa = PBXFileReference; lastKnownFileType = image.png; path = "food6@2x.png"; sourceTree = "<group>"; };
		268DA54818554C1D0096F376 /* FoodCell.h */ = {isa = PBXFileReference; fileEncoding = 4; lastKnownFileType = sourcecode.c.h; path = FoodCell.h; sourceTree = "<group>"; };
		268DA54918554C1D0096F376 /* FoodCell.m */ = {isa = PBXFileReference; fileEncoding = 4; lastKnownFileType = sourcecode.c.objc; path = FoodCell.m; sourceTree = "<group>"; };
		268DA54B18554C320096F376 /* FoodCell.xib */ = {isa = PBXFileReference; fileEncoding = 4; lastKnownFileType = file.xib; path = FoodCell.xib; sourceTree = "<group>"; };
		268EB673183D973D009AD9BB /* separator.png */ = {isa = PBXFileReference; lastKnownFileType = image.png; path = separator.png; sourceTree = "<group>"; };
		268EB674183D973D009AD9BB /* separator@2x.png */ = {isa = PBXFileReference; lastKnownFileType = image.png; path = "separator@2x.png"; sourceTree = "<group>"; };
		268EB677183D986E009AD9BB /* QuartzCore.framework */ = {isa = PBXFileReference; lastKnownFileType = wrapper.framework; name = QuartzCore.framework; path = System/Library/Frameworks/QuartzCore.framework; sourceTree = SDKROOT; };
		26A2065E183C757B00568A67 /* Default-Landscape.png */ = {isa = PBXFileReference; lastKnownFileType = image.png; path = "Default-Landscape.png"; sourceTree = "<group>"; };
		26A2065F183C757B00568A67 /* Default-Landscape@2x.png */ = {isa = PBXFileReference; lastKnownFileType = image.png; path = "Default-Landscape@2x.png"; sourceTree = "<group>"; };
		26A20660183C757B00568A67 /* gray-burry.png */ = {isa = PBXFileReference; lastKnownFileType = image.png; path = "gray-burry.png"; sourceTree = "<group>"; };
		26A20661183C757B00568A67 /* gray-burry@2x.png */ = {isa = PBXFileReference; lastKnownFileType = image.png; path = "gray-burry@2x.png"; sourceTree = "<group>"; };
		26C475F61859661600DC99E7 /* en */ = {isa = PBXFileReference; lastKnownFileType = text.json; name = en; path = en.lproj/dining.json; sourceTree = "<group>"; };
		26C475F81859679800DC99E7 /* Dish.h */ = {isa = PBXFileReference; fileEncoding = 4; lastKnownFileType = sourcecode.c.h; path = Dish.h; sourceTree = "<group>"; };
		26C475F91859679800DC99E7 /* Dish.m */ = {isa = PBXFileReference; fileEncoding = 4; lastKnownFileType = sourcecode.c.objc; path = Dish.m; sourceTree = "<group>"; };
		26F42BCE184D6C58003E3791 /* close_desc_button.png */ = {isa = PBXFileReference; lastKnownFileType = image.png; path = close_desc_button.png; sourceTree = "<group>"; };
		26F42BCF184D6C58003E3791 /* close_desc_button@2x.png */ = {isa = PBXFileReference; lastKnownFileType = image.png; path = "close_desc_button@2x.png"; sourceTree = "<group>"; };
		26F42BD0184D6C58003E3791 /* open_desc_button.png */ = {isa = PBXFileReference; lastKnownFileType = image.png; path = open_desc_button.png; sourceTree = "<group>"; };
		26F42BD1184D6C58003E3791 /* open_desc_button@2x.png */ = {isa = PBXFileReference; lastKnownFileType = image.png; path = "open_desc_button@2x.png"; sourceTree = "<group>"; };
		26F42BD2184D6C58003E3791 /* hotel-icon.png */ = {isa = PBXFileReference; lastKnownFileType = image.png; path = "hotel-icon.png"; sourceTree = "<group>"; };
		26F42BD3184D6C58003E3791 /* hotel-icon@2x.png */ = {isa = PBXFileReference; lastKnownFileType = image.png; path = "hotel-icon@2x.png"; sourceTree = "<group>"; };
		26F42BDB184D7474003E3791 /* DiningViewController.h */ = {isa = PBXFileReference; fileEncoding = 4; lastKnownFileType = sourcecode.c.h; path = DiningViewController.h; sourceTree = "<group>"; };
		26F42BDC184D7474003E3791 /* DiningViewController.m */ = {isa = PBXFileReference; fileEncoding = 4; lastKnownFileType = sourcecode.c.objc; path = DiningViewController.m; sourceTree = "<group>"; };
		26F42BDD184D7474003E3791 /* DiningViewController.xib */ = {isa = PBXFileReference; fileEncoding = 4; lastKnownFileType = file.xib; path = DiningViewController.xib; sourceTree = "<group>"; };
		26F42BE0184D76DA003E3791 /* blurry-info-panel@2x.png */ = {isa = PBXFileReference; lastKnownFileType = image.png; path = "blurry-info-panel@2x.png"; sourceTree = "<group>"; };
		26F42BE1184D76DA003E3791 /* blurry-info-panel.png */ = {isa = PBXFileReference; lastKnownFileType = image.png; path = "blurry-info-panel.png"; sourceTree = "<group>"; };
		26F42BE2184D76DA003E3791 /* left-panel.png */ = {isa = PBXFileReference; lastKnownFileType = image.png; path = "left-panel.png"; sourceTree = "<group>"; };
		26F42BE3184D76DA003E3791 /* left-panel@2x.png */ = {isa = PBXFileReference; lastKnownFileType = image.png; path = "left-panel@2x.png"; sourceTree = "<group>"; };
		26F42BE8184D771E003E3791 /* back.png */ = {isa = PBXFileReference; lastKnownFileType = image.png; path = back.png; sourceTree = "<group>"; };
		26F42BE9184D771E003E3791 /* back@2x.png */ = {isa = PBXFileReference; lastKnownFileType = image.png; path = "back@2x.png"; sourceTree = "<group>"; };
		26F42BED184D7D4D003E3791 /* CityGuideViewController.h */ = {isa = PBXFileReference; fileEncoding = 4; lastKnownFileType = sourcecode.c.h; path = CityGuideViewController.h; sourceTree = "<group>"; };
		26F42BEE184D7D4D003E3791 /* CityGuideViewController.m */ = {isa = PBXFileReference; fileEncoding = 4; lastKnownFileType = sourcecode.c.objc; path = CityGuideViewController.m; sourceTree = "<group>"; };
		26F42BEF184D7D4D003E3791 /* CityGuideViewController.xib */ = {isa = PBXFileReference; fileEncoding = 4; lastKnownFileType = file.xib; path = CityGuideViewController.xib; sourceTree = "<group>"; };
		26F42BF2184D7E61003E3791 /* MapKit.framework */ = {isa = PBXFileReference; lastKnownFileType = wrapper.framework; name = MapKit.framework; path = System/Library/Frameworks/MapKit.framework; sourceTree = SDKROOT; };
		26F42BF4184D838E003E3791 /* FoursquareManager.h */ = {isa = PBXFileReference; fileEncoding = 4; lastKnownFileType = sourcecode.c.h; path = FoursquareManager.h; sourceTree = "<group>"; };
		26F42BF5184D838E003E3791 /* FoursquareManager.m */ = {isa = PBXFileReference; fileEncoding = 4; lastKnownFileType = sourcecode.c.objc; path = FoursquareManager.m; sourceTree = "<group>"; };
		26F42BF7184D8633003E3791 /* CityLocation.h */ = {isa = PBXFileReference; fileEncoding = 4; lastKnownFileType = sourcecode.c.h; path = CityLocation.h; sourceTree = "<group>"; };
		26F42BF8184D8633003E3791 /* CityLocation.m */ = {isa = PBXFileReference; fileEncoding = 4; lastKnownFileType = sourcecode.c.objc; path = CityLocation.m; sourceTree = "<group>"; };
/* End PBXFileReference section */

/* Begin PBXFrameworksBuildPhase section */
		267ADA001839BF460053D94C /* Frameworks */ = {
			isa = PBXFrameworksBuildPhase;
			buildActionMask = 2147483647;
			files = (
				26F42BF3184D7E61003E3791 /* MapKit.framework in Frameworks */,
				268EB678183D986E009AD9BB /* QuartzCore.framework in Frameworks */,
				267ADA091839BF460053D94C /* CoreGraphics.framework in Frameworks */,
				267ADA0B1839BF460053D94C /* UIKit.framework in Frameworks */,
				267ADA071839BF460053D94C /* Foundation.framework in Frameworks */,
			);
			runOnlyForDeploymentPostprocessing = 0;
		};
		267ADA1B1839BF460053D94C /* Frameworks */ = {
			isa = PBXFrameworksBuildPhase;
			buildActionMask = 2147483647;
			files = (
				267ADA201839BF460053D94C /* XCTest.framework in Frameworks */,
				267ADA221839BF460053D94C /* UIKit.framework in Frameworks */,
				267ADA211839BF460053D94C /* Foundation.framework in Frameworks */,
			);
			runOnlyForDeploymentPostprocessing = 0;
		};
/* End PBXFrameworksBuildPhase section */

/* Begin PBXGroup section */
		2604F91318517DD300CB5B81 /* Amenities */ = {
			isa = PBXGroup;
			children = (
				2604F91418517DFB00CB5B81 /* AmenitiesViewController.h */,
				2604F91518517DFB00CB5B81 /* AmenitiesViewController.m */,
				2604F91618517DFB00CB5B81 /* AmenitiesViewController.xib */,
			);
			path = Amenities;
			sourceTree = "<group>";
		};
		26099B6E185E3C7E00105B39 /* weather_icons */ = {
			isa = PBXGroup;
			children = (
				26099B6F185E3C7E00105B39 /* large */,
				26099B80185E3C7E00105B39 /* small */,
			);
			path = weather_icons;
			sourceTree = "<group>";
		};
		26099B6F185E3C7E00105B39 /* large */ = {
			isa = PBXGroup;
			children = (
				26099B70185E3C7E00105B39 /* cloudy_icon.png */,
				26099B71185E3C7E00105B39 /* cloudy_icon@2x.png */,
				26099B72185E3C7E00105B39 /* fog_icon.png */,
				26099B73185E3C7E00105B39 /* fog_icon@2x.png */,
				26099B74185E3C7E00105B39 /* partly_cloudy_icon.png */,
				26099B75185E3C7E00105B39 /* partly_cloudy_icon@2x.png */,
				26099B76185E3C7E00105B39 /* raining_icon.png */,
				26099B77185E3C7E00105B39 /* raining_icon@2x.png */,
				26099B78185E3C7E00105B39 /* sleet_icon.png */,
				26099B79185E3C7E00105B39 /* sleet_icon@2x.png */,
				26099B7A185E3C7E00105B39 /* snow_icon.png */,
				26099B7B185E3C7E00105B39 /* snow_icon@2x.png */,
				26099B7C185E3C7E00105B39 /* sunny_icon.png */,
				26099B7D185E3C7E00105B39 /* sunny_icon@2x.png */,
				26099B7E185E3C7E00105B39 /* wind_icon.png */,
				26099B7F185E3C7E00105B39 /* wind_icon@2x.png */,
			);
			path = large;
			sourceTree = "<group>";
		};
		26099B80185E3C7E00105B39 /* small */ = {
			isa = PBXGroup;
			children = (
				26099B81185E3C7E00105B39 /* cloudy_icon_small.png */,
				26099B82185E3C7E00105B39 /* cloudy_icon_small@2x.png */,
				26099B83185E3C7E00105B39 /* fog_icon_small.png */,
				26099B84185E3C7E00105B39 /* fog_icon_small@2x.png */,
				26099B85185E3C7E00105B39 /* partly_cloudy_icon_small.png */,
				26099B86185E3C7E00105B39 /* partly_cloudy_icon_small@2x.png */,
				26099B87185E3C7E00105B39 /* raining_icon_small.png */,
				26099B88185E3C7E00105B39 /* raining_icon_small@2x.png */,
				26099B89185E3C7E00105B39 /* sleet_icon_small.png */,
				26099B8A185E3C7E00105B39 /* sleet_icon_small@2x.png */,
				26099B8B185E3C7E00105B39 /* snow_icon_small.png */,
				26099B8C185E3C7E00105B39 /* snow_icon_small@2x.png */,
				26099B8D185E3C7E00105B39 /* sunny_icon_small.png */,
				26099B8E185E3C7E00105B39 /* sunny_icon_small@2x.png */,
				26099B8F185E3C7E00105B39 /* wind_icon_small.png */,
				26099B90185E3C7E00105B39 /* wind_icon_small@2x.png */,
			);
			path = small;
			sourceTree = "<group>";
		};
		263DD11318502AA500A891CC /* Utils */ = {
			isa = PBXGroup;
			children = (
				263DD11418502AC700A891CC /* HOAnotationView.h */,
				263DD11518502AC700A891CC /* HOAnotationView.m */,
				2604F9191851843500CB5B81 /* UINavigationController+Retro.h */,
				2604F91A1851843500CB5B81 /* UINavigationController+Retro.m */,
			);
			path = Utils;
			sourceTree = "<group>";
		};
		267AD9FA1839BF460053D94C = {
			isa = PBXGroup;
			children = (
				267ADA0C1839BF460053D94C /* Hotel App */,
				267ADA251839BF460053D94C /* Hotel AppTests */,
				267ADA051839BF460053D94C /* Frameworks */,
				267ADA041839BF460053D94C /* Products */,
			);
			sourceTree = "<group>";
		};
		267ADA041839BF460053D94C /* Products */ = {
			isa = PBXGroup;
			children = (
				267ADA031839BF460053D94C /* Hotel App.app */,
				267ADA1E1839BF460053D94C /* Hotel AppTests.xctest */,
			);
			name = Products;
			sourceTree = "<group>";
		};
		267ADA051839BF460053D94C /* Frameworks */ = {
			isa = PBXGroup;
			children = (
				26F42BF2184D7E61003E3791 /* MapKit.framework */,
				268EB677183D986E009AD9BB /* QuartzCore.framework */,
				267ADA061839BF460053D94C /* Foundation.framework */,
				267ADA081839BF460053D94C /* CoreGraphics.framework */,
				267ADA0A1839BF460053D94C /* UIKit.framework */,
				267ADA1F1839BF460053D94C /* XCTest.framework */,
			);
			name = Frameworks;
			sourceTree = "<group>";
		};
		267ADA0C1839BF460053D94C /* Hotel App */ = {
			isa = PBXGroup;
			children = (
				267ADA151839BF460053D94C /* AppDelegate.h */,
				267ADA161839BF460053D94C /* AppDelegate.m */,
				267ADA181839BF460053D94C /* Images.xcassets */,
				267ADA3B1839D3FF0053D94C /* External */,
				267ADA351839C3B10053D94C /* Application */,
				267ADA0D1839BF460053D94C /* Supporting Files */,
			);
			path = "Hotel App";
			sourceTree = "<group>";
		};
		267ADA0D1839BF460053D94C /* Supporting Files */ = {
			isa = PBXGroup;
			children = (
				267ADA0E1839BF460053D94C /* Hotel App-Info.plist */,
				267ADA0F1839BF460053D94C /* InfoPlist.strings */,
				267ADA121839BF460053D94C /* main.m */,
				267ADA141839BF460053D94C /* Hotel App-Prefix.pch */,
				26C475F51859661600DC99E7 /* dining.json */,
			);
			name = "Supporting Files";
			sourceTree = "<group>";
		};
		267ADA251839BF460053D94C /* Hotel AppTests */ = {
			isa = PBXGroup;
			children = (
				267ADA2B1839BF460053D94C /* Hotel_AppTests.m */,
				267ADA261839BF460053D94C /* Supporting Files */,
			);
			path = "Hotel AppTests";
			sourceTree = "<group>";
		};
		267ADA261839BF460053D94C /* Supporting Files */ = {
			isa = PBXGroup;
			children = (
				267ADA271839BF460053D94C /* Hotel AppTests-Info.plist */,
				267ADA281839BF460053D94C /* InfoPlist.strings */,
			);
			name = "Supporting Files";
			sourceTree = "<group>";
		};
		267ADA351839C3B10053D94C /* Application */ = {
			isa = PBXGroup;
			children = (
				263DD11318502AA500A891CC /* Utils */,
				267ADA361839C4130053D94C /* LockscreenViewController.h */,
				267ADA371839C4130053D94C /* LockscreenViewController.m */,
				267ADA381839C4130053D94C /* LockscreenViewController.xib */,
				267ADA741839D8ED0053D94C /* Landing */,
				267ADA701839D4F70053D94C /* Models */,
				26A2065C183C757B00568A67 /* Assets */,
			);
			path = Application;
			sourceTree = "<group>";
		};
		267ADA3B1839D3FF0053D94C /* External */ = {
			isa = PBXGroup;
			children = (
				267ADA3C1839D3FF0053D94C /* AFNetworking */,
				267ADA501839D3FF0053D94C /* UIKit+AFNetworking */,
			);
			path = External;
			sourceTree = "<group>";
		};
		267ADA3C1839D3FF0053D94C /* AFNetworking */ = {
			isa = PBXGroup;
			children = (
				267ADA3D1839D3FF0053D94C /* AFHTTPRequestOperation.h */,
				267ADA3E1839D3FF0053D94C /* AFHTTPRequestOperation.m */,
				267ADA3F1839D3FF0053D94C /* AFHTTPRequestOperationManager.h */,
				267ADA401839D3FF0053D94C /* AFHTTPRequestOperationManager.m */,
				267ADA411839D3FF0053D94C /* AFHTTPSessionManager.h */,
				267ADA421839D3FF0053D94C /* AFHTTPSessionManager.m */,
				267ADA431839D3FF0053D94C /* AFNetworking.h */,
				267ADA441839D3FF0053D94C /* AFNetworkReachabilityManager.h */,
				267ADA451839D3FF0053D94C /* AFNetworkReachabilityManager.m */,
				267ADA461839D3FF0053D94C /* AFSecurityPolicy.h */,
				267ADA471839D3FF0053D94C /* AFSecurityPolicy.m */,
				267ADA481839D3FF0053D94C /* AFURLConnectionOperation.h */,
				267ADA491839D3FF0053D94C /* AFURLConnectionOperation.m */,
				267ADA4A1839D3FF0053D94C /* AFURLRequestSerialization.h */,
				267ADA4B1839D3FF0053D94C /* AFURLRequestSerialization.m */,
				267ADA4C1839D3FF0053D94C /* AFURLResponseSerialization.h */,
				267ADA4D1839D3FF0053D94C /* AFURLResponseSerialization.m */,
				267ADA4E1839D3FF0053D94C /* AFURLSessionManager.h */,
				267ADA4F1839D3FF0053D94C /* AFURLSessionManager.m */,
			);
			path = AFNetworking;
			sourceTree = "<group>";
		};
		267ADA501839D3FF0053D94C /* UIKit+AFNetworking */ = {
			isa = PBXGroup;
			children = (
				267ADA511839D3FF0053D94C /* AFNetworkActivityIndicatorManager.h */,
				267ADA521839D3FF0053D94C /* AFNetworkActivityIndicatorManager.m */,
				267ADA531839D3FF0053D94C /* UIActivityIndicatorView+AFNetworking.h */,
				267ADA541839D3FF0053D94C /* UIActivityIndicatorView+AFNetworking.m */,
				267ADA551839D3FF0053D94C /* UIAlertView+AFNetworking.h */,
				267ADA561839D3FF0053D94C /* UIAlertView+AFNetworking.m */,
				267ADA571839D3FF0053D94C /* UIButton+AFNetworking.h */,
				267ADA581839D3FF0053D94C /* UIButton+AFNetworking.m */,
				267ADA591839D3FF0053D94C /* UIImageView+AFNetworking.h */,
				267ADA5A1839D3FF0053D94C /* UIImageView+AFNetworking.m */,
				267ADA5B1839D3FF0053D94C /* UIKit+AFNetworking.h */,
				267ADA5C1839D3FF0053D94C /* UIProgressView+AFNetworking.h */,
				267ADA5D1839D3FF0053D94C /* UIProgressView+AFNetworking.m */,
				267ADA5E1839D3FF0053D94C /* UIWebView+AFNetworking.h */,
				267ADA5F1839D3FF0053D94C /* UIWebView+AFNetworking.m */,
			);
			path = "UIKit+AFNetworking";
			sourceTree = "<group>";
		};
		267ADA701839D4F70053D94C /* Models */ = {
			isa = PBXGroup;
			children = (
				267ADA711839D5330053D94C /* Weather.h */,
				267ADA721839D5330053D94C /* Weather.m */,
				26F42BF4184D838E003E3791 /* FoursquareManager.h */,
				26F42BF5184D838E003E3791 /* FoursquareManager.m */,
				26F42BF7184D8633003E3791 /* CityLocation.h */,
				26F42BF8184D8633003E3791 /* CityLocation.m */,
				26C475F81859679800DC99E7 /* Dish.h */,
				26C475F91859679800DC99E7 /* Dish.m */,
			);
			path = Models;
			sourceTree = "<group>";
		};
		267ADA741839D8ED0053D94C /* Landing */ = {
			isa = PBXGroup;
			children = (
				267ADA751839D90A0053D94C /* LandingViewController.h */,
				267ADA761839D90A0053D94C /* LandingViewController.m */,
				267ADA771839D90A0053D94C /* LandingViewController.xib */,
				26F42BDA184D7466003E3791 /* Dining */,
				26F42BEC184D7D3F003E3791 /* City Guide */,
				2604F91318517DD300CB5B81 /* Amenities */,
			);
			path = Landing;
			sourceTree = "<group>";
		};
		268DA52F185546670096F376 /* Food */ = {
			isa = PBXGroup;
			children = (
				268DA530185546670096F376 /* food1.png */,
				268DA531185546670096F376 /* food1@2x.png */,
				268DA532185546670096F376 /* food2.png */,
				268DA533185546670096F376 /* food2@2x.png */,
				268DA534185546670096F376 /* food3.png */,
				268DA535185546670096F376 /* food3@2x.png */,
				268DA536185546670096F376 /* food4.png */,
				268DA537185546670096F376 /* food4@2x.png */,
				268DA538185546670096F376 /* food5.png */,
				268DA539185546670096F376 /* food5@2x.png */,
				268DA53A185546670096F376 /* food6.png */,
				268DA53B185546670096F376 /* food6@2x.png */,
			);
			path = Food;
			sourceTree = "<group>";
		};
		26A2065C183C757B00568A67 /* Assets */ = {
			isa = PBXGroup;
			children = (
				26099B6E185E3C7E00105B39 /* weather_icons */,
				268DA52F185546670096F376 /* Food */,
				26A2065D183C757B00568A67 /* Common */,
			);
			path = Assets;
			sourceTree = "<group>";
		};
		26A2065D183C757B00568A67 /* Common */ = {
			isa = PBXGroup;
			children = (
				26416C6D185D1B4C00DBC774 /* right-blurry.png */,
				26416C6E185D1B4C00DBC774 /* right-blurry@2x.png */,
				2604F91C1851874200CB5B81 /* check.png */,
				2604F91D1851874200CB5B81 /* check@2x.png */,
				26F42BE8184D771E003E3791 /* back.png */,
				26F42BE9184D771E003E3791 /* back@2x.png */,
				26F42BE0184D76DA003E3791 /* blurry-info-panel@2x.png */,
				26F42BE1184D76DA003E3791 /* blurry-info-panel.png */,
				26F42BE2184D76DA003E3791 /* left-panel.png */,
				26F42BE3184D76DA003E3791 /* left-panel@2x.png */,
				26F42BCE184D6C58003E3791 /* close_desc_button.png */,
				26F42BCF184D6C58003E3791 /* close_desc_button@2x.png */,
				26F42BD0184D6C58003E3791 /* open_desc_button.png */,
				26F42BD1184D6C58003E3791 /* open_desc_button@2x.png */,
				26F42BD2184D6C58003E3791 /* hotel-icon.png */,
				26F42BD3184D6C58003E3791 /* hotel-icon@2x.png */,
				2642A98818485AEE00A830EE /* buttons-background.png */,
				2642A98918485AEE00A830EE /* buttons-background@2x.png */,
				2642A9801848580100A830EE /* horizontal-blur.png */,
				2642A9811848580100A830EE /* horizontal-blur@2x.png */,
				2642A9821848580100A830EE /* clock-date-background.png */,
				2642A9831848580100A830EE /* clock-date-background@2x.png */,
				268EB673183D973D009AD9BB /* separator.png */,
				268EB674183D973D009AD9BB /* separator@2x.png */,
				26A2065E183C757B00568A67 /* Default-Landscape.png */,
				26A2065F183C757B00568A67 /* Default-Landscape@2x.png */,
				26A20660183C757B00568A67 /* gray-burry.png */,
				26A20661183C757B00568A67 /* gray-burry@2x.png */,
			);
			path = Common;
			sourceTree = "<group>";
		};
		26F42BDA184D7466003E3791 /* Dining */ = {
			isa = PBXGroup;
			children = (
				26F42BDB184D7474003E3791 /* DiningViewController.h */,
				26F42BDC184D7474003E3791 /* DiningViewController.m */,
				26F42BDD184D7474003E3791 /* DiningViewController.xib */,
				268DA54818554C1D0096F376 /* FoodCell.h */,
				268DA54918554C1D0096F376 /* FoodCell.m */,
				268DA54B18554C320096F376 /* FoodCell.xib */,
				26099B6B185E158300105B39 /* HoleyRightPanelView.h */,
				26099B6C185E158300105B39 /* HoleyRightPanelView.m */,
			);
			path = Dining;
			sourceTree = "<group>";
		};
		26F42BEC184D7D3F003E3791 /* City Guide */ = {
			isa = PBXGroup;
			children = (
				26F42BED184D7D4D003E3791 /* CityGuideViewController.h */,
				26F42BEE184D7D4D003E3791 /* CityGuideViewController.m */,
				26F42BEF184D7D4D003E3791 /* CityGuideViewController.xib */,
			);
			path = "City Guide";
			sourceTree = "<group>";
		};
/* End PBXGroup section */

/* Begin PBXNativeTarget section */
		267ADA021839BF460053D94C /* Hotel App */ = {
			isa = PBXNativeTarget;
			buildConfigurationList = 267ADA2F1839BF460053D94C /* Build configuration list for PBXNativeTarget "Hotel App" */;
			buildPhases = (
				267AD9FF1839BF460053D94C /* Sources */,
				267ADA001839BF460053D94C /* Frameworks */,
				267ADA011839BF460053D94C /* Resources */,
			);
			buildRules = (
			);
			dependencies = (
			);
			name = "Hotel App";
			productName = "Hotel App";
			productReference = 267ADA031839BF460053D94C /* Hotel App.app */;
			productType = "com.apple.product-type.application";
		};
		267ADA1D1839BF460053D94C /* Hotel AppTests */ = {
			isa = PBXNativeTarget;
			buildConfigurationList = 267ADA321839BF460053D94C /* Build configuration list for PBXNativeTarget "Hotel AppTests" */;
			buildPhases = (
				267ADA1A1839BF460053D94C /* Sources */,
				267ADA1B1839BF460053D94C /* Frameworks */,
				267ADA1C1839BF460053D94C /* Resources */,
			);
			buildRules = (
			);
			dependencies = (
				267ADA241839BF460053D94C /* PBXTargetDependency */,
			);
			name = "Hotel AppTests";
			productName = "Hotel AppTests";
			productReference = 267ADA1E1839BF460053D94C /* Hotel AppTests.xctest */;
			productType = "com.apple.product-type.bundle.unit-test";
		};
/* End PBXNativeTarget section */

/* Begin PBXProject section */
		267AD9FB1839BF460053D94C /* Project object */ = {
			isa = PBXProject;
			attributes = {
				LastUpgradeCheck = 0500;
				ORGANIZATIONNAME = Hotel;
				TargetAttributes = {
					267ADA1D1839BF460053D94C = {
						TestTargetID = 267ADA021839BF460053D94C;
					};
				};
			};
			buildConfigurationList = 267AD9FE1839BF460053D94C /* Build configuration list for PBXProject "Hotel App" */;
			compatibilityVersion = "Xcode 3.2";
			developmentRegion = English;
			hasScannedForEncodings = 0;
			knownRegions = (
				en,
			);
			mainGroup = 267AD9FA1839BF460053D94C;
			productRefGroup = 267ADA041839BF460053D94C /* Products */;
			projectDirPath = "";
			projectRoot = "";
			targets = (
				267ADA021839BF460053D94C /* Hotel App */,
				267ADA1D1839BF460053D94C /* Hotel AppTests */,
			);
		};
/* End PBXProject section */

/* Begin PBXResourcesBuildPhase section */
		267ADA011839BF460053D94C /* Resources */ = {
			isa = PBXResourcesBuildPhase;
			buildActionMask = 2147483647;
			files = (
				268EB675183D973D009AD9BB /* separator.png in Resources */,
				26099BAA185E3C7E00105B39 /* sleet_icon_small@2x.png in Resources */,
				26099BA7185E3C7E00105B39 /* raining_icon_small.png in Resources */,
				268DA540185546670096F376 /* food3.png in Resources */,
				26099BAD185E3C7E00105B39 /* sunny_icon_small.png in Resources */,
				26A20664183C757B00568A67 /* gray-burry.png in Resources */,
				268DA544185546670096F376 /* food5.png in Resources */,
				2642A98B18485AEE00A830EE /* buttons-background@2x.png in Resources */,
				2642A98A18485AEE00A830EE /* buttons-background.png in Resources */,
				26F42BEA184D771E003E3791 /* back.png in Resources */,
				267ADA3A1839C4130053D94C /* LockscreenViewController.xib in Resources */,
				26099B9A185E3C7E00105B39 /* sleet_icon@2x.png in Resources */,
				26099BA4185E3C7E00105B39 /* fog_icon_small@2x.png in Resources */,
				2642A9851848580100A830EE /* horizontal-blur@2x.png in Resources */,
				26099BA8185E3C7E00105B39 /* raining_icon_small@2x.png in Resources */,
				26F42BEB184D771E003E3791 /* back@2x.png in Resources */,
				26F42BD9184D6C58003E3791 /* hotel-icon@2x.png in Resources */,
				26099B9D185E3C7E00105B39 /* sunny_icon.png in Resources */,
				26099BA3185E3C7E00105B39 /* fog_icon_small.png in Resources */,
				26099BA2185E3C7E00105B39 /* cloudy_icon_small@2x.png in Resources */,
				26099B93185E3C7E00105B39 /* fog_icon.png in Resources */,
				26C475F71859661600DC99E7 /* dining.json in Resources */,
				26A20665183C757B00568A67 /* gray-burry@2x.png in Resources */,
				268DA547185546670096F376 /* food6@2x.png in Resources */,
				26416C6F185D1B4C00DBC774 /* right-blurry.png in Resources */,
				26099BA1185E3C7E00105B39 /* cloudy_icon_small.png in Resources */,
				2642A9871848580100A830EE /* clock-date-background@2x.png in Resources */,
				268EB676183D973D009AD9BB /* separator@2x.png in Resources */,
				26099B9B185E3C7E00105B39 /* snow_icon.png in Resources */,
				26099B99185E3C7E00105B39 /* sleet_icon.png in Resources */,
				26099BAB185E3C7E00105B39 /* snow_icon_small.png in Resources */,
				26A20662183C757B00568A67 /* Default-Landscape.png in Resources */,
				268DA545185546670096F376 /* food5@2x.png in Resources */,
				267ADA111839BF460053D94C /* InfoPlist.strings in Resources */,
				2604F91818517DFB00CB5B81 /* AmenitiesViewController.xib in Resources */,
				26099B92185E3C7E00105B39 /* cloudy_icon@2x.png in Resources */,
				26099B98185E3C7E00105B39 /* raining_icon@2x.png in Resources */,
				268DA541185546670096F376 /* food3@2x.png in Resources */,
				26F42BE5184D76DA003E3791 /* blurry-info-panel.png in Resources */,
				26F42BDF184D7474003E3791 /* DiningViewController.xib in Resources */,
				26099BAF185E3C7E00105B39 /* wind_icon_small.png in Resources */,
				26099B95185E3C7E00105B39 /* partly_cloudy_icon.png in Resources */,
				26099B97185E3C7E00105B39 /* raining_icon.png in Resources */,
				2604F91F1851874200CB5B81 /* check@2x.png in Resources */,
				26099BA5185E3C7E00105B39 /* partly_cloudy_icon_small.png in Resources */,
				26099B9C185E3C7E00105B39 /* snow_icon@2x.png in Resources */,
				26A20663183C757B00568A67 /* Default-Landscape@2x.png in Resources */,
				26099B91185E3C7E00105B39 /* cloudy_icon.png in Resources */,
				26099B9E185E3C7E00105B39 /* sunny_icon@2x.png in Resources */,
				26099BAC185E3C7E00105B39 /* snow_icon_small@2x.png in Resources */,
				267ADA791839D90A0053D94C /* LandingViewController.xib in Resources */,
				268DA54C18554C320096F376 /* FoodCell.xib in Resources */,
				2642A9861848580100A830EE /* clock-date-background.png in Resources */,
				26F42BE6184D76DA003E3791 /* left-panel.png in Resources */,
				26F42BD6184D6C58003E3791 /* open_desc_button.png in Resources */,
				26F42BD8184D6C58003E3791 /* hotel-icon.png in Resources */,
				26F42BD7184D6C58003E3791 /* open_desc_button@2x.png in Resources */,
				26416C70185D1B4C00DBC774 /* right-blurry@2x.png in Resources */,
				26F42BE7184D76DA003E3791 /* left-panel@2x.png in Resources */,
				26F42BF1184D7D4D003E3791 /* CityGuideViewController.xib in Resources */,
				2604F91E1851874200CB5B81 /* check.png in Resources */,
				26F42BE4184D76DA003E3791 /* blurry-info-panel@2x.png in Resources */,
				268DA543185546670096F376 /* food4@2x.png in Resources */,
				26099BAE185E3C7E00105B39 /* sunny_icon_small@2x.png in Resources */,
				268DA546185546670096F376 /* food6.png in Resources */,
				26099BA6185E3C7E00105B39 /* partly_cloudy_icon_small@2x.png in Resources */,
				26F42BD4184D6C58003E3791 /* close_desc_button.png in Resources */,
				268DA542185546670096F376 /* food4.png in Resources */,
				26099BA9185E3C7E00105B39 /* sleet_icon_small.png in Resources */,
				268DA53E185546670096F376 /* food2.png in Resources */,
				2642A9841848580100A830EE /* horizontal-blur.png in Resources */,
				26099BB0185E3C7E00105B39 /* wind_icon_small@2x.png in Resources */,
				268DA53C185546670096F376 /* food1.png in Resources */,
				26F42BD5184D6C58003E3791 /* close_desc_button@2x.png in Resources */,
				26099B9F185E3C7E00105B39 /* wind_icon.png in Resources */,
				26099BA0185E3C7E00105B39 /* wind_icon@2x.png in Resources */,
				26099B96185E3C7E00105B39 /* partly_cloudy_icon@2x.png in Resources */,
				267ADA191839BF460053D94C /* Images.xcassets in Resources */,
				26099B94185E3C7E00105B39 /* fog_icon@2x.png in Resources */,
				268DA53F185546670096F376 /* food2@2x.png in Resources */,
				268DA53D185546670096F376 /* food1@2x.png in Resources */,
			);
			runOnlyForDeploymentPostprocessing = 0;
		};
		267ADA1C1839BF460053D94C /* Resources */ = {
			isa = PBXResourcesBuildPhase;
			buildActionMask = 2147483647;
			files = (
				267ADA2A1839BF460053D94C /* InfoPlist.strings in Resources */,
			);
			runOnlyForDeploymentPostprocessing = 0;
		};
/* End PBXResourcesBuildPhase section */

/* Begin PBXSourcesBuildPhase section */
		267AD9FF1839BF460053D94C /* Sources */ = {
			isa = PBXSourcesBuildPhase;
			buildActionMask = 2147483647;
			files = (
				267ADA601839D3FF0053D94C /* AFHTTPRequestOperation.m in Sources */,
				267ADA781839D90A0053D94C /* LandingViewController.m in Sources */,
				2604F91B1851843500CB5B81 /* UINavigationController+Retro.m in Sources */,
				267ADA6D1839D3FF0053D94C /* UIImageView+AFNetworking.m in Sources */,
				267ADA171839BF460053D94C /* AppDelegate.m in Sources */,
				267ADA611839D3FF0053D94C /* AFHTTPRequestOperationManager.m in Sources */,
				2604F91718517DFB00CB5B81 /* AmenitiesViewController.m in Sources */,
				267ADA731839D5330053D94C /* Weather.m in Sources */,
				267ADA6E1839D3FF0053D94C /* UIProgressView+AFNetworking.m in Sources */,
				267ADA631839D3FF0053D94C /* AFNetworkReachabilityManager.m in Sources */,
				267ADA671839D3FF0053D94C /* AFURLResponseSerialization.m in Sources */,
				267ADA651839D3FF0053D94C /* AFURLConnectionOperation.m in Sources */,
				267ADA6C1839D3FF0053D94C /* UIButton+AFNetworking.m in Sources */,
				26F42BF9184D8633003E3791 /* CityLocation.m in Sources */,
				26F42BF0184D7D4D003E3791 /* CityGuideViewController.m in Sources */,
				26F42BDE184D7474003E3791 /* DiningViewController.m in Sources */,
				267ADA6A1839D3FF0053D94C /* UIActivityIndicatorView+AFNetworking.m in Sources */,
				26099B6D185E158300105B39 /* HoleyRightPanelView.m in Sources */,
				26F42BF6184D838E003E3791 /* FoursquareManager.m in Sources */,
				268DA54A18554C1D0096F376 /* FoodCell.m in Sources */,
				267ADA641839D3FF0053D94C /* AFSecurityPolicy.m in Sources */,
				267ADA621839D3FF0053D94C /* AFHTTPSessionManager.m in Sources */,
				267ADA6B1839D3FF0053D94C /* UIAlertView+AFNetworking.m in Sources */,
				263DD11618502AC700A891CC /* HOAnotationView.m in Sources */,
				267ADA661839D3FF0053D94C /* AFURLRequestSerialization.m in Sources */,
				267ADA691839D3FF0053D94C /* AFNetworkActivityIndicatorManager.m in Sources */,
				26C475FA1859679800DC99E7 /* Dish.m in Sources */,
				267ADA6F1839D3FF0053D94C /* UIWebView+AFNetworking.m in Sources */,
				267ADA681839D3FF0053D94C /* AFURLSessionManager.m in Sources */,
				267ADA391839C4130053D94C /* LockscreenViewController.m in Sources */,
				267ADA131839BF460053D94C /* main.m in Sources */,
			);
			runOnlyForDeploymentPostprocessing = 0;
		};
		267ADA1A1839BF460053D94C /* Sources */ = {
			isa = PBXSourcesBuildPhase;
			buildActionMask = 2147483647;
			files = (
				267ADA2C1839BF460053D94C /* Hotel_AppTests.m in Sources */,
			);
			runOnlyForDeploymentPostprocessing = 0;
		};
/* End PBXSourcesBuildPhase section */

/* Begin PBXTargetDependency section */
		267ADA241839BF460053D94C /* PBXTargetDependency */ = {
			isa = PBXTargetDependency;
			target = 267ADA021839BF460053D94C /* Hotel App */;
			targetProxy = 267ADA231839BF460053D94C /* PBXContainerItemProxy */;
		};
/* End PBXTargetDependency section */

/* Begin PBXVariantGroup section */
		267ADA0F1839BF460053D94C /* InfoPlist.strings */ = {
			isa = PBXVariantGroup;
			children = (
				267ADA101839BF460053D94C /* en */,
			);
			name = InfoPlist.strings;
			sourceTree = "<group>";
		};
		267ADA281839BF460053D94C /* InfoPlist.strings */ = {
			isa = PBXVariantGroup;
			children = (
				267ADA291839BF460053D94C /* en */,
			);
			name = InfoPlist.strings;
			sourceTree = "<group>";
		};
		26C475F51859661600DC99E7 /* dining.json */ = {
			isa = PBXVariantGroup;
			children = (
				26C475F61859661600DC99E7 /* en */,
			);
			name = dining.json;
			sourceTree = "<group>";
		};
/* End PBXVariantGroup section */

/* Begin XCBuildConfiguration section */
		267ADA2D1839BF460053D94C /* Debug */ = {
			isa = XCBuildConfiguration;
			buildSettings = {
				ALWAYS_SEARCH_USER_PATHS = NO;
				ARCHS = "$(ARCHS_STANDARD_INCLUDING_64_BIT)";
				CLANG_CXX_LANGUAGE_STANDARD = "gnu++0x";
				CLANG_CXX_LIBRARY = "libc++";
				CLANG_ENABLE_MODULES = YES;
				CLANG_ENABLE_OBJC_ARC = YES;
				CLANG_WARN_BOOL_CONVERSION = YES;
				CLANG_WARN_CONSTANT_CONVERSION = YES;
				CLANG_WARN_DIRECT_OBJC_ISA_USAGE = YES_ERROR;
				CLANG_WARN_EMPTY_BODY = YES;
				CLANG_WARN_ENUM_CONVERSION = YES;
				CLANG_WARN_INT_CONVERSION = YES;
				CLANG_WARN_OBJC_ROOT_CLASS = YES_ERROR;
				CLANG_WARN__DUPLICATE_METHOD_MATCH = YES;
				"CODE_SIGN_IDENTITY[sdk=iphoneos*]" = "iPhone Developer";
				COPY_PHASE_STRIP = NO;
				GCC_C_LANGUAGE_STANDARD = gnu99;
				GCC_DYNAMIC_NO_PIC = NO;
				GCC_OPTIMIZATION_LEVEL = 0;
				GCC_PREPROCESSOR_DEFINITIONS = (
					"DEBUG=1",
					"$(inherited)",
				);
				GCC_SYMBOLS_PRIVATE_EXTERN = NO;
				GCC_WARN_64_TO_32_BIT_CONVERSION = YES;
				GCC_WARN_ABOUT_RETURN_TYPE = YES_ERROR;
				GCC_WARN_UNDECLARED_SELECTOR = YES;
				GCC_WARN_UNINITIALIZED_AUTOS = YES;
				GCC_WARN_UNUSED_FUNCTION = YES;
				GCC_WARN_UNUSED_VARIABLE = YES;
				IPHONEOS_DEPLOYMENT_TARGET = 7.0;
				ONLY_ACTIVE_ARCH = YES;
				SDKROOT = iphoneos;
				TARGETED_DEVICE_FAMILY = 2;
			};
			name = Debug;
		};
		267ADA2E1839BF460053D94C /* Release */ = {
			isa = XCBuildConfiguration;
			buildSettings = {
				ALWAYS_SEARCH_USER_PATHS = NO;
				ARCHS = "$(ARCHS_STANDARD_INCLUDING_64_BIT)";
				CLANG_CXX_LANGUAGE_STANDARD = "gnu++0x";
				CLANG_CXX_LIBRARY = "libc++";
				CLANG_ENABLE_MODULES = YES;
				CLANG_ENABLE_OBJC_ARC = YES;
				CLANG_WARN_BOOL_CONVERSION = YES;
				CLANG_WARN_CONSTANT_CONVERSION = YES;
				CLANG_WARN_DIRECT_OBJC_ISA_USAGE = YES_ERROR;
				CLANG_WARN_EMPTY_BODY = YES;
				CLANG_WARN_ENUM_CONVERSION = YES;
				CLANG_WARN_INT_CONVERSION = YES;
				CLANG_WARN_OBJC_ROOT_CLASS = YES_ERROR;
				CLANG_WARN__DUPLICATE_METHOD_MATCH = YES;
				"CODE_SIGN_IDENTITY[sdk=iphoneos*]" = "iPhone Developer";
				COPY_PHASE_STRIP = YES;
				ENABLE_NS_ASSERTIONS = NO;
				GCC_C_LANGUAGE_STANDARD = gnu99;
				GCC_WARN_64_TO_32_BIT_CONVERSION = YES;
				GCC_WARN_ABOUT_RETURN_TYPE = YES_ERROR;
				GCC_WARN_UNDECLARED_SELECTOR = YES;
				GCC_WARN_UNINITIALIZED_AUTOS = YES;
				GCC_WARN_UNUSED_FUNCTION = YES;
				GCC_WARN_UNUSED_VARIABLE = YES;
				IPHONEOS_DEPLOYMENT_TARGET = 7.0;
				SDKROOT = iphoneos;
				TARGETED_DEVICE_FAMILY = 2;
				VALIDATE_PRODUCT = YES;
			};
			name = Release;
		};
		267ADA301839BF460053D94C /* Debug */ = {
			isa = XCBuildConfiguration;
			buildSettings = {
				ASSETCATALOG_COMPILER_APPICON_NAME = AppIcon;
				ASSETCATALOG_COMPILER_LAUNCHIMAGE_NAME = LaunchImage;
				GCC_PRECOMPILE_PREFIX_HEADER = YES;
				GCC_PREFIX_HEADER = "Hotel App/Hotel App-Prefix.pch";
				INFOPLIST_FILE = "Hotel App/Hotel App-Info.plist";
				PRODUCT_NAME = "$(TARGET_NAME)";
				WRAPPER_EXTENSION = app;
			};
			name = Debug;
		};
		267ADA311839BF460053D94C /* Release */ = {
			isa = XCBuildConfiguration;
			buildSettings = {
				ASSETCATALOG_COMPILER_APPICON_NAME = AppIcon;
				ASSETCATALOG_COMPILER_LAUNCHIMAGE_NAME = LaunchImage;
				GCC_PRECOMPILE_PREFIX_HEADER = YES;
				GCC_PREFIX_HEADER = "Hotel App/Hotel App-Prefix.pch";
				INFOPLIST_FILE = "Hotel App/Hotel App-Info.plist";
				PRODUCT_NAME = "$(TARGET_NAME)";
				WRAPPER_EXTENSION = app;
			};
			name = Release;
		};
		267ADA331839BF460053D94C /* Debug */ = {
			isa = XCBuildConfiguration;
			buildSettings = {
				ARCHS = "$(ARCHS_STANDARD_INCLUDING_64_BIT)";
				BUNDLE_LOADER = "$(BUILT_PRODUCTS_DIR)/Hotel App.app/Hotel App";
				FRAMEWORK_SEARCH_PATHS = (
					"$(SDKROOT)/Developer/Library/Frameworks",
					"$(inherited)",
					"$(DEVELOPER_FRAMEWORKS_DIR)",
				);
				GCC_PRECOMPILE_PREFIX_HEADER = YES;
				GCC_PREFIX_HEADER = "Hotel App/Hotel App-Prefix.pch";
				GCC_PREPROCESSOR_DEFINITIONS = (
					"DEBUG=1",
					"$(inherited)",
				);
				INFOPLIST_FILE = "Hotel AppTests/Hotel AppTests-Info.plist";
				PRODUCT_NAME = "$(TARGET_NAME)";
				TEST_HOST = "$(BUNDLE_LOADER)";
				WRAPPER_EXTENSION = xctest;
			};
			name = Debug;
		};
		267ADA341839BF460053D94C /* Release */ = {
			isa = XCBuildConfiguration;
			buildSettings = {
				ARCHS = "$(ARCHS_STANDARD_INCLUDING_64_BIT)";
				BUNDLE_LOADER = "$(BUILT_PRODUCTS_DIR)/Hotel App.app/Hotel App";
				FRAMEWORK_SEARCH_PATHS = (
					"$(SDKROOT)/Developer/Library/Frameworks",
					"$(inherited)",
					"$(DEVELOPER_FRAMEWORKS_DIR)",
				);
				GCC_PRECOMPILE_PREFIX_HEADER = YES;
				GCC_PREFIX_HEADER = "Hotel App/Hotel App-Prefix.pch";
				INFOPLIST_FILE = "Hotel AppTests/Hotel AppTests-Info.plist";
				PRODUCT_NAME = "$(TARGET_NAME)";
				TEST_HOST = "$(BUNDLE_LOADER)";
				WRAPPER_EXTENSION = xctest;
			};
			name = Release;
		};
/* End XCBuildConfiguration section */

/* Begin XCConfigurationList section */
		267AD9FE1839BF460053D94C /* Build configuration list for PBXProject "Hotel App" */ = {
			isa = XCConfigurationList;
			buildConfigurations = (
				267ADA2D1839BF460053D94C /* Debug */,
				267ADA2E1839BF460053D94C /* Release */,
			);
			defaultConfigurationIsVisible = 0;
			defaultConfigurationName = Release;
		};
		267ADA2F1839BF460053D94C /* Build configuration list for PBXNativeTarget "Hotel App" */ = {
			isa = XCConfigurationList;
			buildConfigurations = (
				267ADA301839BF460053D94C /* Debug */,
				267ADA311839BF460053D94C /* Release */,
			);
			defaultConfigurationIsVisible = 0;
			defaultConfigurationName = Release;
		};
		267ADA321839BF460053D94C /* Build configuration list for PBXNativeTarget "Hotel AppTests" */ = {
			isa = XCConfigurationList;
			buildConfigurations = (
				267ADA331839BF460053D94C /* Debug */,
				267ADA341839BF460053D94C /* Release */,
			);
			defaultConfigurationIsVisible = 0;
			defaultConfigurationName = Release;
		};
/* End XCConfigurationList section */
	};
	rootObject = 267AD9FB1839BF460053D94C /* Project object */;
}
